# This file is automatically @generated by Cargo.
# It is not intended for manual editing.
version = 3

[[package]]
name = "better_term"
version = "1.4.61"
source = "registry+https://github.com/rust-lang/crates.io-index"
checksum = "955b6c3bab06222e028b5f7a911921e8d4db69305d658cc7f510d41f3a5d7222"

[[package]]
name = "matador"
version = "0.1.0"
dependencies = [
 "better_term",
]
